// !$*UTF8*$!
{
	archiveVersion = 1;
	classes = {
	};
	objectVersion = 77;
	objects = {

/* Begin PBXBuildFile section */
		199F54EC2DBA9EFC00F7302E /* SnapshotTesting in Frameworks */ = {isa = PBXBuildFile; productRef = 199F54EB2DBA9EFC00F7302E /* SnapshotTesting */; };
/* End PBXBuildFile section */

/* Begin PBXContainerItemProxy section */
		198B6A2B2DAFCC3B00FC6942 /* PBXContainerItemProxy */ = {
			isa = PBXContainerItemProxy;
			containerPortal = 1935FE522D9C3488007C6B6F /* Project object */;
			proxyType = 1;
			remoteGlobalIDString = 1935FE592D9C3488007C6B6F;
			remoteInfo = Missing;
		};
		199F4F132DB6B3A500F7302E /* PBXContainerItemProxy */ = {
			isa = PBXContainerItemProxy;
			containerPortal = 1935FE522D9C3488007C6B6F /* Project object */;
			proxyType = 1;
			remoteGlobalIDString = 1935FE592D9C3488007C6B6F;
			remoteInfo = Missing;
		};
		199F4FBE2DB7A0FC00F7302E /* PBXContainerItemProxy */ = {
			isa = PBXContainerItemProxy;
			containerPortal = 1935FE522D9C3488007C6B6F /* Project object */;
			proxyType = 1;
			remoteGlobalIDString = 1935FE592D9C3488007C6B6F;
			remoteInfo = Missing;
		};
		199F50702DB8EE4C00F7302E /* PBXContainerItemProxy */ = {
			isa = PBXContainerItemProxy;
			containerPortal = 1935FE522D9C3488007C6B6F /* Project object */;
			proxyType = 1;
			remoteGlobalIDString = 1935FE592D9C3488007C6B6F;
			remoteInfo = Missing;
		};
		199F54E12DBA9E3A00F7302E /* PBXContainerItemProxy */ = {
			isa = PBXContainerItemProxy;
			containerPortal = 1935FE522D9C3488007C6B6F /* Project object */;
			proxyType = 1;
			remoteGlobalIDString = 1935FE592D9C3488007C6B6F;
			remoteInfo = Missing;
		};
/* End PBXContainerItemProxy section */

/* Begin PBXFileReference section */
		1935FE5A2D9C3488007C6B6F /* Missing.app */ = {isa = PBXFileReference; explicitFileType = wrapper.application; includeInIndex = 0; path = Missing.app; sourceTree = BUILT_PRODUCTS_DIR; };
		198B6A272DAFCC3B00FC6942 /* MainViewModelTests.xctest */ = {isa = PBXFileReference; explicitFileType = wrapper.cfbundle; includeInIndex = 0; path = MainViewModelTests.xctest; sourceTree = BUILT_PRODUCTS_DIR; };
		199F4F0F2DB6B3A500F7302E /* DetailViewModelTests.xctest */ = {isa = PBXFileReference; explicitFileType = wrapper.cfbundle; includeInIndex = 0; path = DetailViewModelTests.xctest; sourceTree = BUILT_PRODUCTS_DIR; };
		199F4FBA2DB7A0FC00F7302E /* SearchViewModelTests.xctest */ = {isa = PBXFileReference; explicitFileType = wrapper.cfbundle; includeInIndex = 0; path = SearchViewModelTests.xctest; sourceTree = BUILT_PRODUCTS_DIR; };
		199F506A2DB8EE4C00F7302E /* UITests.xctest */ = {isa = PBXFileReference; explicitFileType = wrapper.cfbundle; includeInIndex = 0; path = UITests.xctest; sourceTree = BUILT_PRODUCTS_DIR; };
		199F54DD2DBA9E3900F7302E /* SnapshotTests.xctest */ = {isa = PBXFileReference; explicitFileType = wrapper.cfbundle; includeInIndex = 0; path = SnapshotTests.xctest; sourceTree = BUILT_PRODUCTS_DIR; };
/* End PBXFileReference section */

/* Begin PBXFileSystemSynchronizedBuildFileExceptionSet section */
		1935FE6C2D9C348A007C6B6F /* Exceptions for "Missing" folder in "Missing" target */ = {
			isa = PBXFileSystemSynchronizedBuildFileExceptionSet;
			membershipExceptions = (
				App/Info.plist,
			);
			target = 1935FE592D9C3488007C6B6F /* Missing */;
		};
		199F4F182DB6B3B100F7302E /* Exceptions for "Tests" folder in "MainViewModelTests" target */ = {
			isa = PBXFileSystemSynchronizedBuildFileExceptionSet;
			membershipExceptions = (
				SnapshotTests/SearchTableViewControllerSnapshotTests.swift,
				UITests/UITests.swift,
				UITests/UITestsLaunchTests.swift,
				UnitTests/DetailViewModelTests.swift,
				UnitTests/SearchViewModelTests.swift,
			);
			target = 198B6A262DAFCC3B00FC6942 /* MainViewModelTests */;
		};
		199F4F192DB6B3B100F7302E /* Exceptions for "Tests" folder in "DetailViewModelTests" target */ = {
			isa = PBXFileSystemSynchronizedBuildFileExceptionSet;
			membershipExceptions = (
				UnitTests/DetailViewModelTests.swift,
				UnitTests/Mocks.swift,
			);
			target = 199F4F0E2DB6B3A500F7302E /* DetailViewModelTests */;
		};
		199F4FC32DB7A10400F7302E /* Exceptions for "Tests" folder in "SearchViewModelTests" target */ = {
			isa = PBXFileSystemSynchronizedBuildFileExceptionSet;
			membershipExceptions = (
				UnitTests/SearchViewModelTests.swift,
			);
			target = 199F4FB92DB7A0FC00F7302E /* SearchViewModelTests */;
		};
		199F54D42DBA5A7D00F7302E /* Exceptions for "Tests" folder in "UITests" target */ = {
			isa = PBXFileSystemSynchronizedBuildFileExceptionSet;
			membershipExceptions = (
				UITests/UITests.swift,
				UITests/UITestsLaunchTests.swift,
			);
			target = 199F50692DB8EE4C00F7302E /* UITests */;
		};
		199F54E92DBA9E6C00F7302E /* Exceptions for "Tests" folder in "SnapshotTests" target */ = {
			isa = PBXFileSystemSynchronizedBuildFileExceptionSet;
			membershipExceptions = (
				SnapshotTests/SearchTableViewControllerSnapshotTests.swift,
			);
			target = 199F54DC2DBA9E3900F7302E /* SnapshotTests */;
		};
		199F55632DBB884E00F7302E /* Exceptions for "Missing" folder in "UITests" target */ = {
			isa = PBXFileSystemSynchronizedBuildFileExceptionSet;
			membershipExceptions = (
				Services/AccessibilityIdentifier.swift,
			);
			target = 199F50692DB8EE4C00F7302E /* UITests */;
		};
/* End PBXFileSystemSynchronizedBuildFileExceptionSet section */

/* Begin PBXFileSystemSynchronizedRootGroup section */
		1935FE5C2D9C3488007C6B6F /* Missing */ = {
			isa = PBXFileSystemSynchronizedRootGroup;
			exceptions = (
				1935FE6C2D9C348A007C6B6F /* Exceptions for "Missing" folder in "Missing" target */,
				199F55632DBB884E00F7302E /* Exceptions for "Missing" folder in "UITests" target */,
			);
			path = Missing;
			sourceTree = "<group>";
		};
		198B6A282DAFCC3B00FC6942 /* Tests */ = {
			isa = PBXFileSystemSynchronizedRootGroup;
			exceptions = (
				199F4F182DB6B3B100F7302E /* Exceptions for "Tests" folder in "MainViewModelTests" target */,
				199F4F192DB6B3B100F7302E /* Exceptions for "Tests" folder in "DetailViewModelTests" target */,
				199F4FC32DB7A10400F7302E /* Exceptions for "Tests" folder in "SearchViewModelTests" target */,
				199F54D42DBA5A7D00F7302E /* Exceptions for "Tests" folder in "UITests" target */,
				199F54E92DBA9E6C00F7302E /* Exceptions for "Tests" folder in "SnapshotTests" target */,
			);
			path = Tests;
			sourceTree = "<group>";
		};
/* End PBXFileSystemSynchronizedRootGroup section */

/* Begin PBXFrameworksBuildPhase section */
		1935FE572D9C3488007C6B6F /* Frameworks */ = {
			isa = PBXFrameworksBuildPhase;
			buildActionMask = 2147483647;
			files = (
			);
			runOnlyForDeploymentPostprocessing = 0;
		};
		198B6A242DAFCC3B00FC6942 /* Frameworks */ = {
			isa = PBXFrameworksBuildPhase;
			buildActionMask = 2147483647;
			files = (
			);
			runOnlyForDeploymentPostprocessing = 0;
		};
		199F4F0C2DB6B3A500F7302E /* Frameworks */ = {
			isa = PBXFrameworksBuildPhase;
			buildActionMask = 2147483647;
			files = (
			);
			runOnlyForDeploymentPostprocessing = 0;
		};
		199F4FB72DB7A0FC00F7302E /* Frameworks */ = {
			isa = PBXFrameworksBuildPhase;
			buildActionMask = 2147483647;
			files = (
			);
			runOnlyForDeploymentPostprocessing = 0;
		};
		199F50672DB8EE4C00F7302E /* Frameworks */ = {
			isa = PBXFrameworksBuildPhase;
			buildActionMask = 2147483647;
			files = (
			);
			runOnlyForDeploymentPostprocessing = 0;
		};
		199F54DA2DBA9E3900F7302E /* Frameworks */ = {
			isa = PBXFrameworksBuildPhase;
			buildActionMask = 2147483647;
			files = (
				199F54EC2DBA9EFC00F7302E /* SnapshotTesting in Frameworks */,
			);
			runOnlyForDeploymentPostprocessing = 0;
		};
/* End PBXFrameworksBuildPhase section */

/* Begin PBXGroup section */
		1935FE512D9C3488007C6B6F = {
			isa = PBXGroup;
			children = (
				1935FE5C2D9C3488007C6B6F /* Missing */,
				198B6A282DAFCC3B00FC6942 /* Tests */,
				199F54EA2DBA9EFC00F7302E /* Frameworks */,
				1935FE5B2D9C3488007C6B6F /* Products */,
			);
			sourceTree = "<group>";
		};
		1935FE5B2D9C3488007C6B6F /* Products */ = {
			isa = PBXGroup;
			children = (
				1935FE5A2D9C3488007C6B6F /* Missing.app */,
				198B6A272DAFCC3B00FC6942 /* MainViewModelTests.xctest */,
				199F4F0F2DB6B3A500F7302E /* DetailViewModelTests.xctest */,
				199F4FBA2DB7A0FC00F7302E /* SearchViewModelTests.xctest */,
				199F506A2DB8EE4C00F7302E /* UITests.xctest */,
				199F54DD2DBA9E3900F7302E /* SnapshotTests.xctest */,
			);
			name = Products;
			sourceTree = "<group>";
		};
		199F54EA2DBA9EFC00F7302E /* Frameworks */ = {
			isa = PBXGroup;
			children = (
			);
			name = Frameworks;
			sourceTree = "<group>";
		};
/* End PBXGroup section */

/* Begin PBXNativeTarget section */
		1935FE592D9C3488007C6B6F /* Missing */ = {
			isa = PBXNativeTarget;
			buildConfigurationList = 1935FE6D2D9C348A007C6B6F /* Build configuration list for PBXNativeTarget "Missing" */;
			buildPhases = (
				1935FE562D9C3488007C6B6F /* Sources */,
				1935FE572D9C3488007C6B6F /* Frameworks */,
				1935FE582D9C3488007C6B6F /* Resources */,
			);
			buildRules = (
			);
			dependencies = (
			);
			fileSystemSynchronizedGroups = (
				1935FE5C2D9C3488007C6B6F /* Missing */,
			);
			name = Missing;
			packageProductDependencies = (
			);
			productName = Missing;
			productReference = 1935FE5A2D9C3488007C6B6F /* Missing.app */;
			productType = "com.apple.product-type.application";
		};
		198B6A262DAFCC3B00FC6942 /* MainViewModelTests */ = {
			isa = PBXNativeTarget;
			buildConfigurationList = 198B6A2D2DAFCC3B00FC6942 /* Build configuration list for PBXNativeTarget "MainViewModelTests" */;
			buildPhases = (
				198B6A232DAFCC3B00FC6942 /* Sources */,
				198B6A242DAFCC3B00FC6942 /* Frameworks */,
				198B6A252DAFCC3B00FC6942 /* Resources */,
			);
			buildRules = (
			);
			dependencies = (
				198B6A2C2DAFCC3B00FC6942 /* PBXTargetDependency */,
			);
			fileSystemSynchronizedGroups = (
				198B6A282DAFCC3B00FC6942 /* Tests */,
			);
			name = MainViewModelTests;
			packageProductDependencies = (
			);
			productName = Tests;
			productReference = 198B6A272DAFCC3B00FC6942 /* MainViewModelTests.xctest */;
			productType = "com.apple.product-type.bundle.unit-test";
		};
		199F4F0E2DB6B3A500F7302E /* DetailViewModelTests */ = {
			isa = PBXNativeTarget;
			buildConfigurationList = 199F4F172DB6B3A500F7302E /* Build configuration list for PBXNativeTarget "DetailViewModelTests" */;
			buildPhases = (
				199F4F0B2DB6B3A500F7302E /* Sources */,
				199F4F0C2DB6B3A500F7302E /* Frameworks */,
				199F4F0D2DB6B3A500F7302E /* Resources */,
			);
			buildRules = (
			);
			dependencies = (
				199F4F142DB6B3A500F7302E /* PBXTargetDependency */,
			);
			name = DetailViewModelTests;
			packageProductDependencies = (
			);
			productName = DetailViewModelTests;
			productReference = 199F4F0F2DB6B3A500F7302E /* DetailViewModelTests.xctest */;
			productType = "com.apple.product-type.bundle.unit-test";
		};
		199F4FB92DB7A0FC00F7302E /* SearchViewModelTests */ = {
			isa = PBXNativeTarget;
			buildConfigurationList = 199F4FC22DB7A0FC00F7302E /* Build configuration list for PBXNativeTarget "SearchViewModelTests" */;
			buildPhases = (
				199F4FB62DB7A0FC00F7302E /* Sources */,
				199F4FB72DB7A0FC00F7302E /* Frameworks */,
				199F4FB82DB7A0FC00F7302E /* Resources */,
			);
			buildRules = (
			);
			dependencies = (
				199F4FBF2DB7A0FC00F7302E /* PBXTargetDependency */,
			);
			name = SearchViewModelTests;
			packageProductDependencies = (
			);
			productName = SearchViewModelTests;
			productReference = 199F4FBA2DB7A0FC00F7302E /* SearchViewModelTests.xctest */;
			productType = "com.apple.product-type.bundle.unit-test";
		};
		199F50692DB8EE4C00F7302E /* UITests */ = {
			isa = PBXNativeTarget;
			buildConfigurationList = 199F50742DB8EE4C00F7302E /* Build configuration list for PBXNativeTarget "UITests" */;
			buildPhases = (
				199F50662DB8EE4C00F7302E /* Sources */,
				199F50672DB8EE4C00F7302E /* Frameworks */,
				199F50682DB8EE4C00F7302E /* Resources */,
			);
			buildRules = (
			);
			dependencies = (
				199F50712DB8EE4C00F7302E /* PBXTargetDependency */,
			);
			name = UITests;
			packageProductDependencies = (
			);
			productName = UITests;
			productReference = 199F506A2DB8EE4C00F7302E /* UITests.xctest */;
			productType = "com.apple.product-type.bundle.ui-testing";
		};
		199F54DC2DBA9E3900F7302E /* SnapshotTests */ = {
			isa = PBXNativeTarget;
			buildConfigurationList = 199F54E32DBA9E3A00F7302E /* Build configuration list for PBXNativeTarget "SnapshotTests" */;
			buildPhases = (
				199F54D92DBA9E3900F7302E /* Sources */,
				199F54DA2DBA9E3900F7302E /* Frameworks */,
				199F54DB2DBA9E3900F7302E /* Resources */,
			);
			buildRules = (
			);
			dependencies = (
				199F54E22DBA9E3A00F7302E /* PBXTargetDependency */,
			);
			name = SnapshotTests;
			packageProductDependencies = (
				199F54EB2DBA9EFC00F7302E /* SnapshotTesting */,
			);
			productName = SnapshotTests;
			productReference = 199F54DD2DBA9E3900F7302E /* SnapshotTests.xctest */;
			productType = "com.apple.product-type.bundle.unit-test";
		};
/* End PBXNativeTarget section */

/* Begin PBXProject section */
		1935FE522D9C3488007C6B6F /* Project object */ = {
			isa = PBXProject;
			attributes = {
				BuildIndependentTargetsInParallel = 1;
				LastSwiftUpdateCheck = 1630;
				LastUpgradeCheck = 1630;
				TargetAttributes = {
					1935FE592D9C3488007C6B6F = {
						CreatedOnToolsVersion = 16.3;
					};
					198B6A262DAFCC3B00FC6942 = {
						CreatedOnToolsVersion = 16.3;
						TestTargetID = 1935FE592D9C3488007C6B6F;
					};
					199F4F0E2DB6B3A500F7302E = {
						CreatedOnToolsVersion = 16.3;
						TestTargetID = 1935FE592D9C3488007C6B6F;
					};
					199F4FB92DB7A0FC00F7302E = {
						CreatedOnToolsVersion = 16.3;
						TestTargetID = 1935FE592D9C3488007C6B6F;
					};
					199F50692DB8EE4C00F7302E = {
						CreatedOnToolsVersion = 16.3;
						TestTargetID = 1935FE592D9C3488007C6B6F;
					};
					199F54DC2DBA9E3900F7302E = {
						CreatedOnToolsVersion = 16.3;
						TestTargetID = 1935FE592D9C3488007C6B6F;
					};
				};
			};
			buildConfigurationList = 1935FE552D9C3488007C6B6F /* Build configuration list for PBXProject "Missing" */;
			developmentRegion = en;
			hasScannedForEncodings = 0;
			knownRegions = (
				en,
				Base,
			);
			mainGroup = 1935FE512D9C3488007C6B6F;
			minimizedProjectReferenceProxies = 1;
			packageReferences = (
				199F54CC2DBA59DE00F7302E /* XCRemoteSwiftPackageReference "swift-snapshot-testing" */,
			);
			preferredProjectObjectVersion = 77;
			productRefGroup = 1935FE5B2D9C3488007C6B6F /* Products */;
			projectDirPath = "";
			projectRoot = "";
			targets = (
				1935FE592D9C3488007C6B6F /* Missing */,
				198B6A262DAFCC3B00FC6942 /* MainViewModelTests */,
				199F4F0E2DB6B3A500F7302E /* DetailViewModelTests */,
				199F4FB92DB7A0FC00F7302E /* SearchViewModelTests */,
				199F50692DB8EE4C00F7302E /* UITests */,
				199F54DC2DBA9E3900F7302E /* SnapshotTests */,
			);
		};
/* End PBXProject section */

/* Begin PBXResourcesBuildPhase section */
		1935FE582D9C3488007C6B6F /* Resources */ = {
			isa = PBXResourcesBuildPhase;
			buildActionMask = 2147483647;
			files = (
			);
			runOnlyForDeploymentPostprocessing = 0;
		};
		198B6A252DAFCC3B00FC6942 /* Resources */ = {
			isa = PBXResourcesBuildPhase;
			buildActionMask = 2147483647;
			files = (
			);
			runOnlyForDeploymentPostprocessing = 0;
		};
		199F4F0D2DB6B3A500F7302E /* Resources */ = {
			isa = PBXResourcesBuildPhase;
			buildActionMask = 2147483647;
			files = (
			);
			runOnlyForDeploymentPostprocessing = 0;
		};
		199F4FB82DB7A0FC00F7302E /* Resources */ = {
			isa = PBXResourcesBuildPhase;
			buildActionMask = 2147483647;
			files = (
			);
			runOnlyForDeploymentPostprocessing = 0;
		};
		199F50682DB8EE4C00F7302E /* Resources */ = {
			isa = PBXResourcesBuildPhase;
			buildActionMask = 2147483647;
			files = (
			);
			runOnlyForDeploymentPostprocessing = 0;
		};
		199F54DB2DBA9E3900F7302E /* Resources */ = {
			isa = PBXResourcesBuildPhase;
			buildActionMask = 2147483647;
			files = (
			);
			runOnlyForDeploymentPostprocessing = 0;
		};
/* End PBXResourcesBuildPhase section */

/* Begin PBXSourcesBuildPhase section */
		1935FE562D9C3488007C6B6F /* Sources */ = {
			isa = PBXSourcesBuildPhase;
			buildActionMask = 2147483647;
			files = (
			);
			runOnlyForDeploymentPostprocessing = 0;
		};
		198B6A232DAFCC3B00FC6942 /* Sources */ = {
			isa = PBXSourcesBuildPhase;
			buildActionMask = 2147483647;
			files = (
			);
			runOnlyForDeploymentPostprocessing = 0;
		};
		199F4F0B2DB6B3A500F7302E /* Sources */ = {
			isa = PBXSourcesBuildPhase;
			buildActionMask = 2147483647;
			files = (
			);
			runOnlyForDeploymentPostprocessing = 0;
		};
		199F4FB62DB7A0FC00F7302E /* Sources */ = {
			isa = PBXSourcesBuildPhase;
			buildActionMask = 2147483647;
			files = (
			);
			runOnlyForDeploymentPostprocessing = 0;
		};
		199F50662DB8EE4C00F7302E /* Sources */ = {
			isa = PBXSourcesBuildPhase;
			buildActionMask = 2147483647;
			files = (
			);
			runOnlyForDeploymentPostprocessing = 0;
		};
		199F54D92DBA9E3900F7302E /* Sources */ = {
			isa = PBXSourcesBuildPhase;
			buildActionMask = 2147483647;
			files = (
			);
			runOnlyForDeploymentPostprocessing = 0;
		};
/* End PBXSourcesBuildPhase section */

/* Begin PBXTargetDependency section */
		198B6A2C2DAFCC3B00FC6942 /* PBXTargetDependency */ = {
			isa = PBXTargetDependency;
			target = 1935FE592D9C3488007C6B6F /* Missing */;
			targetProxy = 198B6A2B2DAFCC3B00FC6942 /* PBXContainerItemProxy */;
		};
		199F4F142DB6B3A500F7302E /* PBXTargetDependency */ = {
			isa = PBXTargetDependency;
			target = 1935FE592D9C3488007C6B6F /* Missing */;
			targetProxy = 199F4F132DB6B3A500F7302E /* PBXContainerItemProxy */;
		};
		199F4FBF2DB7A0FC00F7302E /* PBXTargetDependency */ = {
			isa = PBXTargetDependency;
			target = 1935FE592D9C3488007C6B6F /* Missing */;
			targetProxy = 199F4FBE2DB7A0FC00F7302E /* PBXContainerItemProxy */;
		};
		199F50712DB8EE4C00F7302E /* PBXTargetDependency */ = {
			isa = PBXTargetDependency;
			target = 1935FE592D9C3488007C6B6F /* Missing */;
			targetProxy = 199F50702DB8EE4C00F7302E /* PBXContainerItemProxy */;
		};
		199F54E22DBA9E3A00F7302E /* PBXTargetDependency */ = {
			isa = PBXTargetDependency;
			target = 1935FE592D9C3488007C6B6F /* Missing */;
			targetProxy = 199F54E12DBA9E3A00F7302E /* PBXContainerItemProxy */;
		};
/* End PBXTargetDependency section */

/* Begin XCBuildConfiguration section */
		1935FE6E2D9C348A007C6B6F /* Debug */ = {
			isa = XCBuildConfiguration;
			buildSettings = {
				ASSETCATALOG_COMPILER_APPICON_NAME = AppIcon;
				ASSETCATALOG_COMPILER_GLOBAL_ACCENT_COLOR_NAME = AccentColor;
				CODE_SIGN_STYLE = Automatic;
				CURRENT_PROJECT_VERSION = 1;
				DEVELOPMENT_TEAM = 4LFHF3R25Y;
				GENERATE_INFOPLIST_FILE = YES;
				INFOPLIST_FILE = Missing/App/Info.plist;
				INFOPLIST_KEY_UIApplicationSupportsIndirectInputEvents = YES;
				INFOPLIST_KEY_UILaunchStoryboardName = LaunchScreen;
				INFOPLIST_KEY_UIMainStoryboardFile = Main;
				INFOPLIST_KEY_UISupportedInterfaceOrientations_iPad = "UIInterfaceOrientationPortrait UIInterfaceOrientationPortraitUpsideDown UIInterfaceOrientationLandscapeLeft UIInterfaceOrientationLandscapeRight";
				INFOPLIST_KEY_UISupportedInterfaceOrientations_iPhone = "UIInterfaceOrientationPortrait UIInterfaceOrientationLandscapeLeft UIInterfaceOrientationLandscapeRight";
				IPHONEOS_DEPLOYMENT_TARGET = 18.0;
				LD_RUNPATH_SEARCH_PATHS = (
					"$(inherited)",
					"@executable_path/Frameworks",
				);
				MARKETING_VERSION = 1.0;
				PRODUCT_BUNDLE_IDENTIFIER = my.Missing;
				PRODUCT_NAME = "$(TARGET_NAME)";
				SUPPORTED_PLATFORMS = "iphoneos iphonesimulator";
				SUPPORTS_MACCATALYST = NO;
				SUPPORTS_MAC_DESIGNED_FOR_IPHONE_IPAD = NO;
				SUPPORTS_XR_DESIGNED_FOR_IPHONE_IPAD = NO;
				SWIFT_EMIT_LOC_STRINGS = YES;
				SWIFT_VERSION = 5.0;
				TARGETED_DEVICE_FAMILY = "1,2";
			};
			name = Debug;
		};
		1935FE6F2D9C348A007C6B6F /* Release */ = {
			isa = XCBuildConfiguration;
			buildSettings = {
				ASSETCATALOG_COMPILER_APPICON_NAME = AppIcon;
				ASSETCATALOG_COMPILER_GLOBAL_ACCENT_COLOR_NAME = AccentColor;
				CODE_SIGN_STYLE = Automatic;
				CURRENT_PROJECT_VERSION = 1;
				DEVELOPMENT_TEAM = 4LFHF3R25Y;
				GENERATE_INFOPLIST_FILE = YES;
				INFOPLIST_FILE = Missing/App/Info.plist;
				INFOPLIST_KEY_UIApplicationSupportsIndirectInputEvents = YES;
				INFOPLIST_KEY_UILaunchStoryboardName = LaunchScreen;
				INFOPLIST_KEY_UIMainStoryboardFile = Main;
				INFOPLIST_KEY_UISupportedInterfaceOrientations_iPad = "UIInterfaceOrientationPortrait UIInterfaceOrientationPortraitUpsideDown UIInterfaceOrientationLandscapeLeft UIInterfaceOrientationLandscapeRight";
				INFOPLIST_KEY_UISupportedInterfaceOrientations_iPhone = "UIInterfaceOrientationPortrait UIInterfaceOrientationLandscapeLeft UIInterfaceOrientationLandscapeRight";
				IPHONEOS_DEPLOYMENT_TARGET = 18.0;
				LD_RUNPATH_SEARCH_PATHS = (
					"$(inherited)",
					"@executable_path/Frameworks",
				);
				MARKETING_VERSION = 1.0;
				PRODUCT_BUNDLE_IDENTIFIER = my.Missing;
				PRODUCT_NAME = "$(TARGET_NAME)";
				SUPPORTED_PLATFORMS = "iphoneos iphonesimulator";
				SUPPORTS_MACCATALYST = NO;
				SUPPORTS_MAC_DESIGNED_FOR_IPHONE_IPAD = NO;
				SUPPORTS_XR_DESIGNED_FOR_IPHONE_IPAD = NO;
				SWIFT_EMIT_LOC_STRINGS = YES;
				SWIFT_VERSION = 5.0;
				TARGETED_DEVICE_FAMILY = "1,2";
			};
			name = Release;
		};
		1935FE702D9C348A007C6B6F /* Debug */ = {
			isa = XCBuildConfiguration;
			buildSettings = {
				ALWAYS_SEARCH_USER_PATHS = NO;
				ASSETCATALOG_COMPILER_GENERATE_SWIFT_ASSET_SYMBOL_EXTENSIONS = YES;
				CLANG_ANALYZER_NONNULL = YES;
				CLANG_ANALYZER_NUMBER_OBJECT_CONVERSION = YES_AGGRESSIVE;
				CLANG_CXX_LANGUAGE_STANDARD = "gnu++20";
				CLANG_ENABLE_MODULES = YES;
				CLANG_ENABLE_OBJC_ARC = YES;
				CLANG_ENABLE_OBJC_WEAK = YES;
				CLANG_WARN_BLOCK_CAPTURE_AUTORELEASING = YES;
				CLANG_WARN_BOOL_CONVERSION = YES;
				CLANG_WARN_COMMA = YES;
				CLANG_WARN_CONSTANT_CONVERSION = YES;
				CLANG_WARN_DEPRECATED_OBJC_IMPLEMENTATIONS = YES;
				CLANG_WARN_DIRECT_OBJC_ISA_USAGE = YES_ERROR;
				CLANG_WARN_DOCUMENTATION_COMMENTS = YES;
				CLANG_WARN_EMPTY_BODY = YES;
				CLANG_WARN_ENUM_CONVERSION = YES;
				CLANG_WARN_INFINITE_RECURSION = YES;
				CLANG_WARN_INT_CONVERSION = YES;
				CLANG_WARN_NON_LITERAL_NULL_CONVERSION = YES;
				CLANG_WARN_OBJC_IMPLICIT_RETAIN_SELF = YES;
				CLANG_WARN_OBJC_LITERAL_CONVERSION = YES;
				CLANG_WARN_OBJC_ROOT_CLASS = YES_ERROR;
				CLANG_WARN_QUOTED_INCLUDE_IN_FRAMEWORK_HEADER = YES;
				CLANG_WARN_RANGE_LOOP_ANALYSIS = YES;
				CLANG_WARN_STRICT_PROTOTYPES = YES;
				CLANG_WARN_SUSPICIOUS_MOVE = YES;
				CLANG_WARN_UNGUARDED_AVAILABILITY = YES_AGGRESSIVE;
				CLANG_WARN_UNREACHABLE_CODE = YES;
				CLANG_WARN__DUPLICATE_METHOD_MATCH = YES;
				COPY_PHASE_STRIP = NO;
				DEBUG_INFORMATION_FORMAT = dwarf;
				DEVELOPMENT_TEAM = 4LFHF3R25Y;
				ENABLE_STRICT_OBJC_MSGSEND = YES;
				ENABLE_TESTABILITY = YES;
				ENABLE_USER_SCRIPT_SANDBOXING = YES;
				GCC_C_LANGUAGE_STANDARD = gnu17;
				GCC_DYNAMIC_NO_PIC = NO;
				GCC_NO_COMMON_BLOCKS = YES;
				GCC_OPTIMIZATION_LEVEL = 0;
				GCC_PREPROCESSOR_DEFINITIONS = (
					"DEBUG=1",
					"$(inherited)",
				);
				GCC_WARN_64_TO_32_BIT_CONVERSION = YES;
				GCC_WARN_ABOUT_RETURN_TYPE = YES_ERROR;
				GCC_WARN_UNDECLARED_SELECTOR = YES;
				GCC_WARN_UNINITIALIZED_AUTOS = YES_AGGRESSIVE;
				GCC_WARN_UNUSED_FUNCTION = YES;
				GCC_WARN_UNUSED_VARIABLE = YES;
				IPHONEOS_DEPLOYMENT_TARGET = 18.4;
				LOCALIZATION_PREFERS_STRING_CATALOGS = YES;
				MTL_ENABLE_DEBUG_INFO = INCLUDE_SOURCE;
				MTL_FAST_MATH = YES;
				ONLY_ACTIVE_ARCH = YES;
				SDKROOT = iphoneos;
				SWIFT_ACTIVE_COMPILATION_CONDITIONS = "DEBUG $(inherited)";
				SWIFT_OPTIMIZATION_LEVEL = "-Onone";
			};
			name = Debug;
		};
		1935FE712D9C348A007C6B6F /* Release */ = {
			isa = XCBuildConfiguration;
			buildSettings = {
				ALWAYS_SEARCH_USER_PATHS = NO;
				ASSETCATALOG_COMPILER_GENERATE_SWIFT_ASSET_SYMBOL_EXTENSIONS = YES;
				CLANG_ANALYZER_NONNULL = YES;
				CLANG_ANALYZER_NUMBER_OBJECT_CONVERSION = YES_AGGRESSIVE;
				CLANG_CXX_LANGUAGE_STANDARD = "gnu++20";
				CLANG_ENABLE_MODULES = YES;
				CLANG_ENABLE_OBJC_ARC = YES;
				CLANG_ENABLE_OBJC_WEAK = YES;
				CLANG_WARN_BLOCK_CAPTURE_AUTORELEASING = YES;
				CLANG_WARN_BOOL_CONVERSION = YES;
				CLANG_WARN_COMMA = YES;
				CLANG_WARN_CONSTANT_CONVERSION = YES;
				CLANG_WARN_DEPRECATED_OBJC_IMPLEMENTATIONS = YES;
				CLANG_WARN_DIRECT_OBJC_ISA_USAGE = YES_ERROR;
				CLANG_WARN_DOCUMENTATION_COMMENTS = YES;
				CLANG_WARN_EMPTY_BODY = YES;
				CLANG_WARN_ENUM_CONVERSION = YES;
				CLANG_WARN_INFINITE_RECURSION = YES;
				CLANG_WARN_INT_CONVERSION = YES;
				CLANG_WARN_NON_LITERAL_NULL_CONVERSION = YES;
				CLANG_WARN_OBJC_IMPLICIT_RETAIN_SELF = YES;
				CLANG_WARN_OBJC_LITERAL_CONVERSION = YES;
				CLANG_WARN_OBJC_ROOT_CLASS = YES_ERROR;
				CLANG_WARN_QUOTED_INCLUDE_IN_FRAMEWORK_HEADER = YES;
				CLANG_WARN_RANGE_LOOP_ANALYSIS = YES;
				CLANG_WARN_STRICT_PROTOTYPES = YES;
				CLANG_WARN_SUSPICIOUS_MOVE = YES;
				CLANG_WARN_UNGUARDED_AVAILABILITY = YES_AGGRESSIVE;
				CLANG_WARN_UNREACHABLE_CODE = YES;
				CLANG_WARN__DUPLICATE_METHOD_MATCH = YES;
				COPY_PHASE_STRIP = NO;
				DEBUG_INFORMATION_FORMAT = "dwarf-with-dsym";
				DEVELOPMENT_TEAM = 4LFHF3R25Y;
				ENABLE_NS_ASSERTIONS = NO;
				ENABLE_STRICT_OBJC_MSGSEND = YES;
				ENABLE_USER_SCRIPT_SANDBOXING = YES;
				GCC_C_LANGUAGE_STANDARD = gnu17;
				GCC_NO_COMMON_BLOCKS = YES;
				GCC_WARN_64_TO_32_BIT_CONVERSION = YES;
				GCC_WARN_ABOUT_RETURN_TYPE = YES_ERROR;
				GCC_WARN_UNDECLARED_SELECTOR = YES;
				GCC_WARN_UNINITIALIZED_AUTOS = YES_AGGRESSIVE;
				GCC_WARN_UNUSED_FUNCTION = YES;
				GCC_WARN_UNUSED_VARIABLE = YES;
				IPHONEOS_DEPLOYMENT_TARGET = 18.4;
				LOCALIZATION_PREFERS_STRING_CATALOGS = YES;
				MTL_ENABLE_DEBUG_INFO = NO;
				MTL_FAST_MATH = YES;
				SDKROOT = iphoneos;
				SWIFT_COMPILATION_MODE = wholemodule;
				VALIDATE_PRODUCT = YES;
			};
			name = Release;
		};
		198B6A2E2DAFCC3B00FC6942 /* Debug */ = {
			isa = XCBuildConfiguration;
			buildSettings = {
				BUNDLE_LOADER = "$(TEST_HOST)";
				CODE_SIGN_STYLE = Automatic;
				CURRENT_PROJECT_VERSION = 1;
				DEVELOPMENT_TEAM = 4LFHF3R25Y;
				GENERATE_INFOPLIST_FILE = YES;
				IPHONEOS_DEPLOYMENT_TARGET = 18.0;
				MARKETING_VERSION = 1.0;
				PRODUCT_BUNDLE_IDENTIFIER = my.Tests;
				PRODUCT_NAME = "$(TARGET_NAME)";
				SUPPORTED_PLATFORMS = "iphoneos iphonesimulator";
				SUPPORTS_MACCATALYST = NO;
				SUPPORTS_MAC_DESIGNED_FOR_IPHONE_IPAD = NO;
				SUPPORTS_XR_DESIGNED_FOR_IPHONE_IPAD = NO;
				SWIFT_EMIT_LOC_STRINGS = NO;
				SWIFT_VERSION = 5.0;
				TARGETED_DEVICE_FAMILY = "1,2";
				TEST_HOST = "$(BUILT_PRODUCTS_DIR)/Missing.app/$(BUNDLE_EXECUTABLE_FOLDER_PATH)/Missing";
			};
			name = Debug;
		};
		198B6A2F2DAFCC3B00FC6942 /* Release */ = {
			isa = XCBuildConfiguration;
			buildSettings = {
				BUNDLE_LOADER = "$(TEST_HOST)";
				CODE_SIGN_STYLE = Automatic;
				CURRENT_PROJECT_VERSION = 1;
				DEVELOPMENT_TEAM = 4LFHF3R25Y;
				GENERATE_INFOPLIST_FILE = YES;
				IPHONEOS_DEPLOYMENT_TARGET = 18.0;
				MARKETING_VERSION = 1.0;
				PRODUCT_BUNDLE_IDENTIFIER = my.Tests;
				PRODUCT_NAME = "$(TARGET_NAME)";
				SUPPORTED_PLATFORMS = "iphoneos iphonesimulator";
				SUPPORTS_MACCATALYST = NO;
				SUPPORTS_MAC_DESIGNED_FOR_IPHONE_IPAD = NO;
				SUPPORTS_XR_DESIGNED_FOR_IPHONE_IPAD = NO;
				SWIFT_EMIT_LOC_STRINGS = NO;
				SWIFT_VERSION = 5.0;
				TARGETED_DEVICE_FAMILY = "1,2";
				TEST_HOST = "$(BUILT_PRODUCTS_DIR)/Missing.app/$(BUNDLE_EXECUTABLE_FOLDER_PATH)/Missing";
			};
			name = Release;
		};
		199F4F152DB6B3A500F7302E /* Debug */ = {
			isa = XCBuildConfiguration;
			buildSettings = {
				BUNDLE_LOADER = "$(TEST_HOST)";
				CODE_SIGN_STYLE = Automatic;
				CURRENT_PROJECT_VERSION = 1;
				DEVELOPMENT_TEAM = 4LFHF3R25Y;
				GENERATE_INFOPLIST_FILE = YES;
				IPHONEOS_DEPLOYMENT_TARGET = 18.0;
				MARKETING_VERSION = 1.0;
				PRODUCT_BUNDLE_IDENTIFIER = my.DetailViewModelTests;
				PRODUCT_NAME = "$(TARGET_NAME)";
				SUPPORTED_PLATFORMS = "iphoneos iphonesimulator";
				SUPPORTS_MACCATALYST = NO;
				SUPPORTS_MAC_DESIGNED_FOR_IPHONE_IPAD = NO;
				SUPPORTS_XR_DESIGNED_FOR_IPHONE_IPAD = NO;
				SWIFT_EMIT_LOC_STRINGS = NO;
				SWIFT_VERSION = 5.0;
				TARGETED_DEVICE_FAMILY = "1,2";
				TEST_HOST = "$(BUILT_PRODUCTS_DIR)/Missing.app/$(BUNDLE_EXECUTABLE_FOLDER_PATH)/Missing";
			};
			name = Debug;
		};
		199F4F162DB6B3A500F7302E /* Release */ = {
			isa = XCBuildConfiguration;
			buildSettings = {
				BUNDLE_LOADER = "$(TEST_HOST)";
				CODE_SIGN_STYLE = Automatic;
				CURRENT_PROJECT_VERSION = 1;
				DEVELOPMENT_TEAM = 4LFHF3R25Y;
				GENERATE_INFOPLIST_FILE = YES;
				IPHONEOS_DEPLOYMENT_TARGET = 18.0;
				MARKETING_VERSION = 1.0;
				PRODUCT_BUNDLE_IDENTIFIER = my.DetailViewModelTests;
				PRODUCT_NAME = "$(TARGET_NAME)";
				SUPPORTED_PLATFORMS = "iphoneos iphonesimulator";
				SUPPORTS_MACCATALYST = NO;
				SUPPORTS_MAC_DESIGNED_FOR_IPHONE_IPAD = NO;
				SUPPORTS_XR_DESIGNED_FOR_IPHONE_IPAD = NO;
				SWIFT_EMIT_LOC_STRINGS = NO;
				SWIFT_VERSION = 5.0;
				TARGETED_DEVICE_FAMILY = "1,2";
				TEST_HOST = "$(BUILT_PRODUCTS_DIR)/Missing.app/$(BUNDLE_EXECUTABLE_FOLDER_PATH)/Missing";
			};
			name = Release;
		};
		199F4FC02DB7A0FC00F7302E /* Debug */ = {
			isa = XCBuildConfiguration;
			buildSettings = {
				BUNDLE_LOADER = "$(TEST_HOST)";
				CODE_SIGN_STYLE = Automatic;
				CURRENT_PROJECT_VERSION = 1;
				DEVELOPMENT_TEAM = 4LFHF3R25Y;
				GENERATE_INFOPLIST_FILE = YES;
				IPHONEOS_DEPLOYMENT_TARGET = 18.0;
				MARKETING_VERSION = 1.0;
				PRODUCT_BUNDLE_IDENTIFIER = my.SearchViewModelTests;
				PRODUCT_NAME = "$(TARGET_NAME)";
				SUPPORTED_PLATFORMS = "iphoneos iphonesimulator";
				SUPPORTS_MACCATALYST = NO;
				SUPPORTS_MAC_DESIGNED_FOR_IPHONE_IPAD = NO;
				SUPPORTS_XR_DESIGNED_FOR_IPHONE_IPAD = NO;
				SWIFT_EMIT_LOC_STRINGS = NO;
				SWIFT_VERSION = 5.0;
				TARGETED_DEVICE_FAMILY = "1,2";
				TEST_HOST = "$(BUILT_PRODUCTS_DIR)/Missing.app/$(BUNDLE_EXECUTABLE_FOLDER_PATH)/Missing";
			};
			name = Debug;
		};
		199F4FC12DB7A0FC00F7302E /* Release */ = {
			isa = XCBuildConfiguration;
			buildSettings = {
				BUNDLE_LOADER = "$(TEST_HOST)";
				CODE_SIGN_STYLE = Automatic;
				CURRENT_PROJECT_VERSION = 1;
				DEVELOPMENT_TEAM = 4LFHF3R25Y;
				GENERATE_INFOPLIST_FILE = YES;
				IPHONEOS_DEPLOYMENT_TARGET = 18.0;
				MARKETING_VERSION = 1.0;
				PRODUCT_BUNDLE_IDENTIFIER = my.SearchViewModelTests;
				PRODUCT_NAME = "$(TARGET_NAME)";
				SUPPORTED_PLATFORMS = "iphoneos iphonesimulator";
				SUPPORTS_MACCATALYST = NO;
				SUPPORTS_MAC_DESIGNED_FOR_IPHONE_IPAD = NO;
				SUPPORTS_XR_DESIGNED_FOR_IPHONE_IPAD = NO;
				SWIFT_EMIT_LOC_STRINGS = NO;
				SWIFT_VERSION = 5.0;
				TARGETED_DEVICE_FAMILY = "1,2";
				TEST_HOST = "$(BUILT_PRODUCTS_DIR)/Missing.app/$(BUNDLE_EXECUTABLE_FOLDER_PATH)/Missing";
			};
			name = Release;
		};
		199F50722DB8EE4C00F7302E /* Debug */ = {
			isa = XCBuildConfiguration;
			buildSettings = {
				CODE_SIGN_STYLE = Automatic;
				CURRENT_PROJECT_VERSION = 1;
				DEVELOPMENT_TEAM = 4LFHF3R25Y;
				GENERATE_INFOPLIST_FILE = YES;
				IPHONEOS_DEPLOYMENT_TARGET = 18.0;
				MARKETING_VERSION = 1.0;
				PRODUCT_BUNDLE_IDENTIFIER = my.UITests;
				PRODUCT_NAME = "$(TARGET_NAME)";
				SUPPORTED_PLATFORMS = "iphoneos iphonesimulator";
				SUPPORTS_MACCATALYST = NO;
				SUPPORTS_MAC_DESIGNED_FOR_IPHONE_IPAD = NO;
				SUPPORTS_XR_DESIGNED_FOR_IPHONE_IPAD = NO;
				SWIFT_EMIT_LOC_STRINGS = NO;
				SWIFT_VERSION = 5.0;
				TARGETED_DEVICE_FAMILY = "1,2";
				TEST_TARGET_NAME = Missing;
			};
			name = Debug;
		};
		199F50732DB8EE4C00F7302E /* Release */ = {
			isa = XCBuildConfiguration;
			buildSettings = {
				CODE_SIGN_STYLE = Automatic;
				CURRENT_PROJECT_VERSION = 1;
				DEVELOPMENT_TEAM = 4LFHF3R25Y;
				GENERATE_INFOPLIST_FILE = YES;
				IPHONEOS_DEPLOYMENT_TARGET = 18.0;
				MARKETING_VERSION = 1.0;
				PRODUCT_BUNDLE_IDENTIFIER = my.UITests;
				PRODUCT_NAME = "$(TARGET_NAME)";
				SUPPORTED_PLATFORMS = "iphoneos iphonesimulator";
				SUPPORTS_MACCATALYST = NO;
				SUPPORTS_MAC_DESIGNED_FOR_IPHONE_IPAD = NO;
				SUPPORTS_XR_DESIGNED_FOR_IPHONE_IPAD = NO;
				SWIFT_EMIT_LOC_STRINGS = NO;
				SWIFT_VERSION = 5.0;
				TARGETED_DEVICE_FAMILY = "1,2";
				TEST_TARGET_NAME = Missing;
			};
			name = Release;
		};
		199F54E42DBA9E3A00F7302E /* Debug */ = {
			isa = XCBuildConfiguration;
			buildSettings = {
				BUNDLE_LOADER = "$(TEST_HOST)";
				CODE_SIGN_STYLE = Automatic;
				CURRENT_PROJECT_VERSION = 1;
				DEVELOPMENT_TEAM = 4LFHF3R25Y;
				GENERATE_INFOPLIST_FILE = YES;
				IPHONEOS_DEPLOYMENT_TARGET = 18.0;
				MARKETING_VERSION = 1.0;
				PRODUCT_BUNDLE_IDENTIFIER = my.SnapshotTests;
				PRODUCT_NAME = "$(TARGET_NAME)";
				SUPPORTED_PLATFORMS = "iphoneos iphonesimulator";
				SUPPORTS_MACCATALYST = NO;
				SUPPORTS_MAC_DESIGNED_FOR_IPHONE_IPAD = NO;
				SUPPORTS_XR_DESIGNED_FOR_IPHONE_IPAD = NO;
				SWIFT_EMIT_LOC_STRINGS = NO;
				SWIFT_VERSION = 5.0;
				TARGETED_DEVICE_FAMILY = "1,2";
				TEST_HOST = "$(BUILT_PRODUCTS_DIR)/Missing.app/$(BUNDLE_EXECUTABLE_FOLDER_PATH)/Missing";
			};
			name = Debug;
		};
		199F54E52DBA9E3A00F7302E /* Release */ = {
			isa = XCBuildConfiguration;
			buildSettings = {
				BUNDLE_LOADER = "$(TEST_HOST)";
				CODE_SIGN_STYLE = Automatic;
				CURRENT_PROJECT_VERSION = 1;
				DEVELOPMENT_TEAM = 4LFHF3R25Y;
				GENERATE_INFOPLIST_FILE = YES;
				IPHONEOS_DEPLOYMENT_TARGET = 18.0;
				MARKETING_VERSION = 1.0;
				PRODUCT_BUNDLE_IDENTIFIER = my.SnapshotTests;
				PRODUCT_NAME = "$(TARGET_NAME)";
				SUPPORTED_PLATFORMS = "iphoneos iphonesimulator";
				SUPPORTS_MACCATALYST = NO;
				SUPPORTS_MAC_DESIGNED_FOR_IPHONE_IPAD = NO;
				SUPPORTS_XR_DESIGNED_FOR_IPHONE_IPAD = NO;
				SWIFT_EMIT_LOC_STRINGS = NO;
				SWIFT_VERSION = 5.0;
				TARGETED_DEVICE_FAMILY = "1,2";
				TEST_HOST = "$(BUILT_PRODUCTS_DIR)/Missing.app/$(BUNDLE_EXECUTABLE_FOLDER_PATH)/Missing";
			};
			name = Release;
		};
/* End XCBuildConfiguration section */

/* Begin XCConfigurationList section */
		1935FE552D9C3488007C6B6F /* Build configuration list for PBXProject "Missing" */ = {
			isa = XCConfigurationList;
			buildConfigurations = (
				1935FE702D9C348A007C6B6F /* Debug */,
				1935FE712D9C348A007C6B6F /* Release */,
			);
			defaultConfigurationIsVisible = 0;
			defaultConfigurationName = Release;
		};
		1935FE6D2D9C348A007C6B6F /* Build configuration list for PBXNativeTarget "Missing" */ = {
			isa = XCConfigurationList;
			buildConfigurations = (
				1935FE6E2D9C348A007C6B6F /* Debug */,
				1935FE6F2D9C348A007C6B6F /* Release */,
			);
			defaultConfigurationIsVisible = 0;
			defaultConfigurationName = Release;
		};
		198B6A2D2DAFCC3B00FC6942 /* Build configuration list for PBXNativeTarget "MainViewModelTests" */ = {
			isa = XCConfigurationList;
			buildConfigurations = (
				198B6A2E2DAFCC3B00FC6942 /* Debug */,
				198B6A2F2DAFCC3B00FC6942 /* Release */,
			);
			defaultConfigurationIsVisible = 0;
			defaultConfigurationName = Release;
		};
		199F4F172DB6B3A500F7302E /* Build configuration list for PBXNativeTarget "DetailViewModelTests" */ = {
			isa = XCConfigurationList;
			buildConfigurations = (
				199F4F152DB6B3A500F7302E /* Debug */,
				199F4F162DB6B3A500F7302E /* Release */,
			);
			defaultConfigurationIsVisible = 0;
			defaultConfigurationName = Release;
		};
		199F4FC22DB7A0FC00F7302E /* Build configuration list for PBXNativeTarget "SearchViewModelTests" */ = {
			isa = XCConfigurationList;
			buildConfigurations = (
				199F4FC02DB7A0FC00F7302E /* Debug */,
				199F4FC12DB7A0FC00F7302E /* Release */,
			);
			defaultConfigurationIsVisible = 0;
			defaultConfigurationName = Release;
		};
		199F50742DB8EE4C00F7302E /* Build configuration list for PBXNativeTarget "UITests" */ = {
			isa = XCConfigurationList;
			buildConfigurations = (
				199F50722DB8EE4C00F7302E /* Debug */,
				199F50732DB8EE4C00F7302E /* Release */,
			);
			defaultConfigurationIsVisible = 0;
			defaultConfigurationName = Release;
		};
		199F54E32DBA9E3A00F7302E /* Build configuration list for PBXNativeTarget "SnapshotTests" */ = {
			isa = XCConfigurationList;
			buildConfigurations = (
				199F54E42DBA9E3A00F7302E /* Debug */,
				199F54E52DBA9E3A00F7302E /* Release */,
			);
			defaultConfigurationIsVisible = 0;
			defaultConfigurationName = Release;
		};
/* End XCConfigurationList section */

/* Begin XCRemoteSwiftPackageReference section */
		199F54CC2DBA59DE00F7302E /* XCRemoteSwiftPackageReference "swift-snapshot-testing" */ = {
			isa = XCRemoteSwiftPackageReference;
			repositoryURL = "https://github.com/pointfreeco/swift-snapshot-testing";
			requirement = {
				kind = upToNextMajorVersion;
				minimumVersion = 1.18.3;
			};
		};
/* End XCRemoteSwiftPackageReference section */

/* Begin XCSwiftPackageProductDependency section */
		199F54EB2DBA9EFC00F7302E /* SnapshotTesting */ = {
			isa = XCSwiftPackageProductDependency;
			package = 199F54CC2DBA59DE00F7302E /* XCRemoteSwiftPackageReference "swift-snapshot-testing" */;
			productName = SnapshotTesting;
		};
/* End XCSwiftPackageProductDependency section */
	};
	rootObject = 1935FE522D9C3488007C6B6F /* Project object */;
}
